// !$*UTF8*$!
{
	archiveVersion = 1;
	classes = {
	};
	objectVersion = 55;
	objects = {

/* Begin PBXBuildFile section */
		30F163062785CFF100FABB7E /* swift_concurrency_tutorialApp.swift in Sources */ = {isa = PBXBuildFile; fileRef = 30F163052785CFF100FABB7E /* swift_concurrency_tutorialApp.swift */; };
		30F163082785CFF100FABB7E /* ContentView.swift in Sources */ = {isa = PBXBuildFile; fileRef = 30F163072785CFF100FABB7E /* ContentView.swift */; };
		30F1630A2785CFF100FABB7E /* Assets.xcassets in Resources */ = {isa = PBXBuildFile; fileRef = 30F163092785CFF100FABB7E /* Assets.xcassets */; };
		30F1630D2785CFF100FABB7E /* Preview Assets.xcassets in Resources */ = {isa = PBXBuildFile; fileRef = 30F1630C2785CFF100FABB7E /* Preview Assets.xcassets */; };
		30F163172785CFF100FABB7E /* swift_concurrency_tutorialTests.swift in Sources */ = {isa = PBXBuildFile; fileRef = 30F163162785CFF100FABB7E /* swift_concurrency_tutorialTests.swift */; };
		30F163212785CFF200FABB7E /* swift_concurrency_tutorialUITests.swift in Sources */ = {isa = PBXBuildFile; fileRef = 30F163202785CFF200FABB7E /* swift_concurrency_tutorialUITests.swift */; };
		30F163232785CFF200FABB7E /* swift_concurrency_tutorialUITestsLaunchTests.swift in Sources */ = {isa = PBXBuildFile; fileRef = 30F163222785CFF200FABB7E /* swift_concurrency_tutorialUITestsLaunchTests.swift */; };
		30F163302785D49C00FABB7E /* ContentViewModel.swift in Sources */ = {isa = PBXBuildFile; fileRef = 30F1632F2785D49C00FABB7E /* ContentViewModel.swift */; };
/* End PBXBuildFile section */

/* Begin PBXContainerItemProxy section */
		30F163132785CFF100FABB7E /* PBXContainerItemProxy */ = {
			isa = PBXContainerItemProxy;
			containerPortal = 30F162FA2785CFF100FABB7E /* Project object */;
			proxyType = 1;
			remoteGlobalIDString = 30F163012785CFF100FABB7E;
			remoteInfo = "swift-concurrency-tutorial";
		};
		30F1631D2785CFF200FABB7E /* PBXContainerItemProxy */ = {
			isa = PBXContainerItemProxy;
			containerPortal = 30F162FA2785CFF100FABB7E /* Project object */;
			proxyType = 1;
			remoteGlobalIDString = 30F163012785CFF100FABB7E;
			remoteInfo = "swift-concurrency-tutorial";
		};
/* End PBXContainerItemProxy section */

/* Begin PBXFileReference section */
		30F163022785CFF100FABB7E /* swift-concurrency-tutorial.app */ = {isa = PBXFileReference; explicitFileType = wrapper.application; includeInIndex = 0; path = "swift-concurrency-tutorial.app"; sourceTree = BUILT_PRODUCTS_DIR; };
		30F163052785CFF100FABB7E /* swift_concurrency_tutorialApp.swift */ = {isa = PBXFileReference; lastKnownFileType = sourcecode.swift; path = swift_concurrency_tutorialApp.swift; sourceTree = "<group>"; };
		30F163072785CFF100FABB7E /* ContentView.swift */ = {isa = PBXFileReference; lastKnownFileType = sourcecode.swift; path = ContentView.swift; sourceTree = "<group>"; };
		30F163092785CFF100FABB7E /* Assets.xcassets */ = {isa = PBXFileReference; lastKnownFileType = folder.assetcatalog; path = Assets.xcassets; sourceTree = "<group>"; };
		30F1630C2785CFF100FABB7E /* Preview Assets.xcassets */ = {isa = PBXFileReference; lastKnownFileType = folder.assetcatalog; path = "Preview Assets.xcassets"; sourceTree = "<group>"; };
		30F163122785CFF100FABB7E /* swift-concurrency-tutorialTests.xctest */ = {isa = PBXFileReference; explicitFileType = wrapper.cfbundle; includeInIndex = 0; path = "swift-concurrency-tutorialTests.xctest"; sourceTree = BUILT_PRODUCTS_DIR; };
		30F163162785CFF100FABB7E /* swift_concurrency_tutorialTests.swift */ = {isa = PBXFileReference; lastKnownFileType = sourcecode.swift; path = swift_concurrency_tutorialTests.swift; sourceTree = "<group>"; };
		30F1631C2785CFF200FABB7E /* swift-concurrency-tutorialUITests.xctest */ = {isa = PBXFileReference; explicitFileType = wrapper.cfbundle; includeInIndex = 0; path = "swift-concurrency-tutorialUITests.xctest"; sourceTree = BUILT_PRODUCTS_DIR; };
		30F163202785CFF200FABB7E /* swift_concurrency_tutorialUITests.swift */ = {isa = PBXFileReference; lastKnownFileType = sourcecode.swift; path = swift_concurrency_tutorialUITests.swift; sourceTree = "<group>"; };
		30F163222785CFF200FABB7E /* swift_concurrency_tutorialUITestsLaunchTests.swift */ = {isa = PBXFileReference; lastKnownFileType = sourcecode.swift; path = swift_concurrency_tutorialUITestsLaunchTests.swift; sourceTree = "<group>"; };
		30F1632F2785D49C00FABB7E /* ContentViewModel.swift */ = {isa = PBXFileReference; lastKnownFileType = sourcecode.swift; path = ContentViewModel.swift; sourceTree = "<group>"; };
/* End PBXFileReference section */

/* Begin PBXFrameworksBuildPhase section */
		30F162FF2785CFF100FABB7E /* Frameworks */ = {
			isa = PBXFrameworksBuildPhase;
			buildActionMask = 2147483647;
			files = (
			);
			runOnlyForDeploymentPostprocessing = 0;
		};
		30F1630F2785CFF100FABB7E /* Frameworks */ = {
			isa = PBXFrameworksBuildPhase;
			buildActionMask = 2147483647;
			files = (
			);
			runOnlyForDeploymentPostprocessing = 0;
		};
		30F163192785CFF200FABB7E /* Frameworks */ = {
			isa = PBXFrameworksBuildPhase;
			buildActionMask = 2147483647;
			files = (
			);
			runOnlyForDeploymentPostprocessing = 0;
		};
/* End PBXFrameworksBuildPhase section */

/* Begin PBXGroup section */
		30F162F92785CFF100FABB7E = {
			isa = PBXGroup;
			children = (
				30F163042785CFF100FABB7E /* swift-concurrency-tutorial */,
				30F163152785CFF100FABB7E /* swift-concurrency-tutorialTests */,
				30F1631F2785CFF200FABB7E /* swift-concurrency-tutorialUITests */,
				30F163032785CFF100FABB7E /* Products */,
			);
			sourceTree = "<group>";
		};
		30F163032785CFF100FABB7E /* Products */ = {
			isa = PBXGroup;
			children = (
				30F163022785CFF100FABB7E /* swift-concurrency-tutorial.app */,
				30F163122785CFF100FABB7E /* swift-concurrency-tutorialTests.xctest */,
				30F1631C2785CFF200FABB7E /* swift-concurrency-tutorialUITests.xctest */,
			);
			name = Products;
			sourceTree = "<group>";
		};
		30F163042785CFF100FABB7E /* swift-concurrency-tutorial */ = {
			isa = PBXGroup;
			children = (
				30F163052785CFF100FABB7E /* swift_concurrency_tutorialApp.swift */,
				30F163072785CFF100FABB7E /* ContentView.swift */,
				30F1632F2785D49C00FABB7E /* ContentViewModel.swift */,
				30F163092785CFF100FABB7E /* Assets.xcassets */,
				30F1630B2785CFF100FABB7E /* Preview Content */,
			);
			path = "swift-concurrency-tutorial";
			sourceTree = "<group>";
		};
		30F1630B2785CFF100FABB7E /* Preview Content */ = {
			isa = PBXGroup;
			children = (
				30F1630C2785CFF100FABB7E /* Preview Assets.xcassets */,
			);
			path = "Preview Content";
			sourceTree = "<group>";
		};
		30F163152785CFF100FABB7E /* swift-concurrency-tutorialTests */ = {
			isa = PBXGroup;
			children = (
				30F163162785CFF100FABB7E /* swift_concurrency_tutorialTests.swift */,
			);
			path = "swift-concurrency-tutorialTests";
			sourceTree = "<group>";
		};
		30F1631F2785CFF200FABB7E /* swift-concurrency-tutorialUITests */ = {
			isa = PBXGroup;
			children = (
				30F163202785CFF200FABB7E /* swift_concurrency_tutorialUITests.swift */,
				30F163222785CFF200FABB7E /* swift_concurrency_tutorialUITestsLaunchTests.swift */,
			);
			path = "swift-concurrency-tutorialUITests";
			sourceTree = "<group>";
		};
/* End PBXGroup section */

/* Begin PBXNativeTarget section */
		30F163012785CFF100FABB7E /* swift-concurrency-tutorial */ = {
			isa = PBXNativeTarget;
			buildConfigurationList = 30F163262785CFF200FABB7E /* Build configuration list for PBXNativeTarget "swift-concurrency-tutorial" */;
			buildPhases = (
				30F162FE2785CFF100FABB7E /* Sources */,
				30F162FF2785CFF100FABB7E /* Frameworks */,
				30F163002785CFF100FABB7E /* Resources */,
			);
			buildRules = (
			);
			dependencies = (
			);
			name = "swift-concurrency-tutorial";
			productName = "swift-concurrency-tutorial";
			productReference = 30F163022785CFF100FABB7E /* swift-concurrency-tutorial.app */;
			productType = "com.apple.product-type.application";
		};
		30F163112785CFF100FABB7E /* swift-concurrency-tutorialTests */ = {
			isa = PBXNativeTarget;
			buildConfigurationList = 30F163292785CFF200FABB7E /* Build configuration list for PBXNativeTarget "swift-concurrency-tutorialTests" */;
			buildPhases = (
				30F1630E2785CFF100FABB7E /* Sources */,
				30F1630F2785CFF100FABB7E /* Frameworks */,
				30F163102785CFF100FABB7E /* Resources */,
			);
			buildRules = (
			);
			dependencies = (
				30F163142785CFF100FABB7E /* PBXTargetDependency */,
			);
			name = "swift-concurrency-tutorialTests";
			productName = "swift-concurrency-tutorialTests";
			productReference = 30F163122785CFF100FABB7E /* swift-concurrency-tutorialTests.xctest */;
			productType = "com.apple.product-type.bundle.unit-test";
		};
		30F1631B2785CFF200FABB7E /* swift-concurrency-tutorialUITests */ = {
			isa = PBXNativeTarget;
			buildConfigurationList = 30F1632C2785CFF200FABB7E /* Build configuration list for PBXNativeTarget "swift-concurrency-tutorialUITests" */;
			buildPhases = (
				30F163182785CFF200FABB7E /* Sources */,
				30F163192785CFF200FABB7E /* Frameworks */,
				30F1631A2785CFF200FABB7E /* Resources */,
			);
			buildRules = (
			);
			dependencies = (
				30F1631E2785CFF200FABB7E /* PBXTargetDependency */,
			);
			name = "swift-concurrency-tutorialUITests";
			productName = "swift-concurrency-tutorialUITests";
			productReference = 30F1631C2785CFF200FABB7E /* swift-concurrency-tutorialUITests.xctest */;
			productType = "com.apple.product-type.bundle.ui-testing";
		};
/* End PBXNativeTarget section */

/* Begin PBXProject section */
		30F162FA2785CFF100FABB7E /* Project object */ = {
			isa = PBXProject;
			attributes = {
				BuildIndependentTargetsInParallel = 1;
				LastSwiftUpdateCheck = 1320;
				LastUpgradeCheck = 1320;
				TargetAttributes = {
					30F163012785CFF100FABB7E = {
						CreatedOnToolsVersion = 13.2;
					};
					30F163112785CFF100FABB7E = {
						CreatedOnToolsVersion = 13.2;
						TestTargetID = 30F163012785CFF100FABB7E;
					};
					30F1631B2785CFF200FABB7E = {
						CreatedOnToolsVersion = 13.2;
						TestTargetID = 30F163012785CFF100FABB7E;
					};
				};
			};
			buildConfigurationList = 30F162FD2785CFF100FABB7E /* Build configuration list for PBXProject "swift-concurrency-tutorial" */;
			compatibilityVersion = "Xcode 13.0";
			developmentRegion = en;
			hasScannedForEncodings = 0;
			knownRegions = (
				en,
				Base,
			);
			mainGroup = 30F162F92785CFF100FABB7E;
			productRefGroup = 30F163032785CFF100FABB7E /* Products */;
			projectDirPath = "";
			projectRoot = "";
			targets = (
				30F163012785CFF100FABB7E /* swift-concurrency-tutorial */,
				30F163112785CFF100FABB7E /* swift-concurrency-tutorialTests */,
				30F1631B2785CFF200FABB7E /* swift-concurrency-tutorialUITests */,
			);
		};
/* End PBXProject section */

/* Begin PBXResourcesBuildPhase section */
		30F163002785CFF100FABB7E /* Resources */ = {
			isa = PBXResourcesBuildPhase;
			buildActionMask = 2147483647;
			files = (
				30F1630D2785CFF100FABB7E /* Preview Assets.xcassets in Resources */,
				30F1630A2785CFF100FABB7E /* Assets.xcassets in Resources */,
			);
			runOnlyForDeploymentPostprocessing = 0;
		};
		30F163102785CFF100FABB7E /* Resources */ = {
			isa = PBXResourcesBuildPhase;
			buildActionMask = 2147483647;
			files = (
			);
			runOnlyForDeploymentPostprocessing = 0;
		};
		30F1631A2785CFF200FABB7E /* Resources */ = {
			isa = PBXResourcesBuildPhase;
			buildActionMask = 2147483647;
			files = (
			);
			runOnlyForDeploymentPostprocessing = 0;
		};
/* End PBXResourcesBuildPhase section */

/* Begin PBXSourcesBuildPhase section */
		30F162FE2785CFF100FABB7E /* Sources */ = {
			isa = PBXSourcesBuildPhase;
			buildActionMask = 2147483647;
			files = (
				30F163082785CFF100FABB7E /* ContentView.swift in Sources */,
				30F163062785CFF100FABB7E /* swift_concurrency_tutorialApp.swift in Sources */,
				30F163302785D49C00FABB7E /* ContentViewModel.swift in Sources */,
			);
			runOnlyForDeploymentPostprocessing = 0;
		};
		30F1630E2785CFF100FABB7E /* Sources */ = {
			isa = PBXSourcesBuildPhase;
			buildActionMask = 2147483647;
			files = (
				30F163172785CFF100FABB7E /* swift_concurrency_tutorialTests.swift in Sources */,
			);
			runOnlyForDeploymentPostprocessing = 0;
		};
		30F163182785CFF200FABB7E /* Sources */ = {
			isa = PBXSourcesBuildPhase;
			buildActionMask = 2147483647;
			files = (
				30F163232785CFF200FABB7E /* swift_concurrency_tutorialUITestsLaunchTests.swift in Sources */,
				30F163212785CFF200FABB7E /* swift_concurrency_tutorialUITests.swift in Sources */,
			);
			runOnlyForDeploymentPostprocessing = 0;
		};
/* End PBXSourcesBuildPhase section */

/* Begin PBXTargetDependency section */
		30F163142785CFF100FABB7E /* PBXTargetDependency */ = {
			isa = PBXTargetDependency;
			target = 30F163012785CFF100FABB7E /* swift-concurrency-tutorial */;
			targetProxy = 30F163132785CFF100FABB7E /* PBXContainerItemProxy */;
		};
		30F1631E2785CFF200FABB7E /* PBXTargetDependency */ = {
			isa = PBXTargetDependency;
			target = 30F163012785CFF100FABB7E /* swift-concurrency-tutorial */;
			targetProxy = 30F1631D2785CFF200FABB7E /* PBXContainerItemProxy */;
		};
/* End PBXTargetDependency section */

/* Begin XCBuildConfiguration section */
		30F163242785CFF200FABB7E /* Debug */ = {
			isa = XCBuildConfiguration;
			buildSettings = {
				ALWAYS_SEARCH_USER_PATHS = NO;
				CLANG_ANALYZER_NONNULL = YES;
				CLANG_ANALYZER_NUMBER_OBJECT_CONVERSION = YES_AGGRESSIVE;
				CLANG_CXX_LANGUAGE_STANDARD = "gnu++17";
				CLANG_CXX_LIBRARY = "libc++";
				CLANG_ENABLE_MODULES = YES;
				CLANG_ENABLE_OBJC_ARC = YES;
				CLANG_ENABLE_OBJC_WEAK = YES;
				CLANG_WARN_BLOCK_CAPTURE_AUTORELEASING = YES;
				CLANG_WARN_BOOL_CONVERSION = YES;
				CLANG_WARN_COMMA = YES;
				CLANG_WARN_CONSTANT_CONVERSION = YES;
				CLANG_WARN_DEPRECATED_OBJC_IMPLEMENTATIONS = YES;
				CLANG_WARN_DIRECT_OBJC_ISA_USAGE = YES_ERROR;
				CLANG_WARN_DOCUMENTATION_COMMENTS = YES;
				CLANG_WARN_EMPTY_BODY = YES;
				CLANG_WARN_ENUM_CONVERSION = YES;
				CLANG_WARN_INFINITE_RECURSION = YES;
				CLANG_WARN_INT_CONVERSION = YES;
				CLANG_WARN_NON_LITERAL_NULL_CONVERSION = YES;
				CLANG_WARN_OBJC_IMPLICIT_RETAIN_SELF = YES;
				CLANG_WARN_OBJC_LITERAL_CONVERSION = YES;
				CLANG_WARN_OBJC_ROOT_CLASS = YES_ERROR;
				CLANG_WARN_QUOTED_INCLUDE_IN_FRAMEWORK_HEADER = YES;
				CLANG_WARN_RANGE_LOOP_ANALYSIS = YES;
				CLANG_WARN_STRICT_PROTOTYPES = YES;
				CLANG_WARN_SUSPICIOUS_MOVE = YES;
				CLANG_WARN_UNGUARDED_AVAILABILITY = YES_AGGRESSIVE;
				CLANG_WARN_UNREACHABLE_CODE = YES;
				CLANG_WARN__DUPLICATE_METHOD_MATCH = YES;
				COPY_PHASE_STRIP = NO;
				DEBUG_INFORMATION_FORMAT = dwarf;
				ENABLE_STRICT_OBJC_MSGSEND = YES;
				ENABLE_TESTABILITY = YES;
				GCC_C_LANGUAGE_STANDARD = gnu11;
				GCC_DYNAMIC_NO_PIC = NO;
				GCC_NO_COMMON_BLOCKS = YES;
				GCC_OPTIMIZATION_LEVEL = 0;
				GCC_PREPROCESSOR_DEFINITIONS = (
					"DEBUG=1",
					"$(inherited)",
				);
				GCC_WARN_64_TO_32_BIT_CONVERSION = YES;
				GCC_WARN_ABOUT_RETURN_TYPE = YES_ERROR;
				GCC_WARN_UNDECLARED_SELECTOR = YES;
				GCC_WARN_UNINITIALIZED_AUTOS = YES_AGGRESSIVE;
				GCC_WARN_UNUSED_FUNCTION = YES;
				GCC_WARN_UNUSED_VARIABLE = YES;
				IPHONEOS_DEPLOYMENT_TARGET = 15.2;
				MTL_ENABLE_DEBUG_INFO = INCLUDE_SOURCE;
				MTL_FAST_MATH = YES;
				ONLY_ACTIVE_ARCH = YES;
				SDKROOT = iphoneos;
				SWIFT_ACTIVE_COMPILATION_CONDITIONS = DEBUG;
				SWIFT_OPTIMIZATION_LEVEL = "-Onone";
			};
			name = Debug;
		};
		30F163252785CFF200FABB7E /* Release */ = {
			isa = XCBuildConfiguration;
			buildSettings = {
				ALWAYS_SEARCH_USER_PATHS = NO;
				CLANG_ANALYZER_NONNULL = YES;
				CLANG_ANALYZER_NUMBER_OBJECT_CONVERSION = YES_AGGRESSIVE;
				CLANG_CXX_LANGUAGE_STANDARD = "gnu++17";
				CLANG_CXX_LIBRARY = "libc++";
				CLANG_ENABLE_MODULES = YES;
				CLANG_ENABLE_OBJC_ARC = YES;
				CLANG_ENABLE_OBJC_WEAK = YES;
				CLANG_WARN_BLOCK_CAPTURE_AUTORELEASING = YES;
				CLANG_WARN_BOOL_CONVERSION = YES;
				CLANG_WARN_COMMA = YES;
				CLANG_WARN_CONSTANT_CONVERSION = YES;
				CLANG_WARN_DEPRECATED_OBJC_IMPLEMENTATIONS = YES;
				CLANG_WARN_DIRECT_OBJC_ISA_USAGE = YES_ERROR;
				CLANG_WARN_DOCUMENTATION_COMMENTS = YES;
				CLANG_WARN_EMPTY_BODY = YES;
				CLANG_WARN_ENUM_CONVERSION = YES;
				CLANG_WARN_INFINITE_RECURSION = YES;
				CLANG_WARN_INT_CONVERSION = YES;
				CLANG_WARN_NON_LITERAL_NULL_CONVERSION = YES;
				CLANG_WARN_OBJC_IMPLICIT_RETAIN_SELF = YES;
				CLANG_WARN_OBJC_LITERAL_CONVERSION = YES;
				CLANG_WARN_OBJC_ROOT_CLASS = YES_ERROR;
				CLANG_WARN_QUOTED_INCLUDE_IN_FRAMEWORK_HEADER = YES;
				CLANG_WARN_RANGE_LOOP_ANALYSIS = YES;
				CLANG_WARN_STRICT_PROTOTYPES = YES;
				CLANG_WARN_SUSPICIOUS_MOVE = YES;
				CLANG_WARN_UNGUARDED_AVAILABILITY = YES_AGGRESSIVE;
				CLANG_WARN_UNREACHABLE_CODE = YES;
				CLANG_WARN__DUPLICATE_METHOD_MATCH = YES;
				COPY_PHASE_STRIP = NO;
				DEBUG_INFORMATION_FORMAT = "dwarf-with-dsym";
				ENABLE_NS_ASSERTIONS = NO;
				ENABLE_STRICT_OBJC_MSGSEND = YES;
				GCC_C_LANGUAGE_STANDARD = gnu11;
				GCC_NO_COMMON_BLOCKS = YES;
				GCC_WARN_64_TO_32_BIT_CONVERSION = YES;
				GCC_WARN_ABOUT_RETURN_TYPE = YES_ERROR;
				GCC_WARN_UNDECLARED_SELECTOR = YES;
				GCC_WARN_UNINITIALIZED_AUTOS = YES_AGGRESSIVE;
				GCC_WARN_UNUSED_FUNCTION = YES;
				GCC_WARN_UNUSED_VARIABLE = YES;
				IPHONEOS_DEPLOYMENT_TARGET = 15.2;
				MTL_ENABLE_DEBUG_INFO = NO;
				MTL_FAST_MATH = YES;
				SDKROOT = iphoneos;
				SWIFT_COMPILATION_MODE = wholemodule;
				SWIFT_OPTIMIZATION_LEVEL = "-O";
				VALIDATE_PRODUCT = YES;
			};
			name = Release;
		};
		30F163272785CFF200FABB7E /* Debug */ = {
			isa = XCBuildConfiguration;
			buildSettings = {
				ASSETCATALOG_COMPILER_APPICON_NAME = AppIcon;
				ASSETCATALOG_COMPILER_GLOBAL_ACCENT_COLOR_NAME = AccentColor;
				CODE_SIGN_STYLE = Automatic;
				CURRENT_PROJECT_VERSION = 1;
				DEVELOPMENT_ASSET_PATHS = "\"swift-concurrency-tutorial/Preview Content\"";
				ENABLE_PREVIEWS = YES;
				GENERATE_INFOPLIST_FILE = YES;
				INFOPLIST_KEY_UIApplicationSceneManifest_Generation = YES;
				INFOPLIST_KEY_UIApplicationSupportsIndirectInputEvents = YES;
				INFOPLIST_KEY_UILaunchScreen_Generation = YES;
				INFOPLIST_KEY_UISupportedInterfaceOrientations_iPad = "UIInterfaceOrientationPortrait UIInterfaceOrientationPortraitUpsideDown UIInterfaceOrientationLandscapeLeft UIInterfaceOrientationLandscapeRight";
				INFOPLIST_KEY_UISupportedInterfaceOrientations_iPhone = "UIInterfaceOrientationPortrait UIInterfaceOrientationLandscapeLeft UIInterfaceOrientationLandscapeRight";
				IPHONEOS_DEPLOYMENT_TARGET = 15.0;
				LD_RUNPATH_SEARCH_PATHS = (
					"$(inherited)",
					"@executable_path/Frameworks",
				);
				MARKETING_VERSION = 1.0;
				PRODUCT_BUNDLE_IDENTIFIER = "com.Personal-Factory.swift-concurrency-tutorial";
				PRODUCT_NAME = "$(TARGET_NAME)";
				SWIFT_EMIT_LOC_STRINGS = YES;
				SWIFT_VERSION = 5.0;
				TARGETED_DEVICE_FAMILY = "1,2";
			};
			name = Debug;
		};
		30F163282785CFF200FABB7E /* Release */ = {
			isa = XCBuildConfiguration;
			buildSettings = {
				ASSETCATALOG_COMPILER_APPICON_NAME = AppIcon;
				ASSETCATALOG_COMPILER_GLOBAL_ACCENT_COLOR_NAME = AccentColor;
				CODE_SIGN_STYLE = Automatic;
				CURRENT_PROJECT_VERSION = 1;
				DEVELOPMENT_ASSET_PATHS = "\"swift-concurrency-tutorial/Preview Content\"";
				ENABLE_PREVIEWS = YES;
				GENERATE_INFOPLIST_FILE = YES;
				INFOPLIST_KEY_UIApplicationSceneManifest_Generation = YES;
				INFOPLIST_KEY_UIApplicationSupportsIndirectInputEvents = YES;
				INFOPLIST_KEY_UILaunchScreen_Generation = YES;
				INFOPLIST_KEY_UISupportedInterfaceOrientations_iPad = "UIInterfaceOrientationPortrait UIInterfaceOrientationPortraitUpsideDown UIInterfaceOrientationLandscapeLeft UIInterfaceOrientationLandscapeRight";
				INFOPLIST_KEY_UISupportedInterfaceOrientations_iPhone = "UIInterfaceOrientationPortrait UIInterfaceOrientationLandscapeLeft UIInterfaceOrientationLandscapeRight";
				IPHONEOS_DEPLOYMENT_TARGET = 15.0;
				LD_RUNPATH_SEARCH_PATHS = (
					"$(inherited)",
					"@executable_path/Frameworks",
				);
				MARKETING_VERSION = 1.0;
				PRODUCT_BUNDLE_IDENTIFIER = "com.Personal-Factory.swift-concurrency-tutorial";
				PRODUCT_NAME = "$(TARGET_NAME)";
				SWIFT_EMIT_LOC_STRINGS = YES;
				SWIFT_VERSION = 5.0;
				TARGETED_DEVICE_FAMILY = "1,2";
			};
			name = Release;
		};
		30F1632A2785CFF200FABB7E /* Debug */ = {
			isa = XCBuildConfiguration;
			buildSettings = {
				ALWAYS_EMBED_SWIFT_STANDARD_LIBRARIES = YES;
				BUNDLE_LOADER = "$(TEST_HOST)";
				CODE_SIGN_STYLE = Automatic;
				CURRENT_PROJECT_VERSION = 1;
				GENERATE_INFOPLIST_FILE = YES;
				IPHONEOS_DEPLOYMENT_TARGET = 15.2;
				MARKETING_VERSION = 1.0;
				PRODUCT_BUNDLE_IDENTIFIER = "com.Personal-Factory.swift-concurrency-tutorialTests";
				PRODUCT_NAME = "$(TARGET_NAME)";
				SWIFT_EMIT_LOC_STRINGS = NO;
				SWIFT_VERSION = 5.0;
				TARGETED_DEVICE_FAMILY = "1,2";
				TEST_HOST = "$(BUILT_PRODUCTS_DIR)/swift-concurrency-tutorial.app/swift-concurrency-tutorial";
			};
			name = Debug;
		};
		30F1632B2785CFF200FABB7E /* Release */ = {
			isa = XCBuildConfiguration;
			buildSettings = {
				ALWAYS_EMBED_SWIFT_STANDARD_LIBRARIES = YES;
				BUNDLE_LOADER = "$(TEST_HOST)";
				CODE_SIGN_STYLE = Automatic;
				CURRENT_PROJECT_VERSION = 1;
				GENERATE_INFOPLIST_FILE = YES;
				IPHONEOS_DEPLOYMENT_TARGET = 15.2;
				MARKETING_VERSION = 1.0;
				PRODUCT_BUNDLE_IDENTIFIER = "com.Personal-Factory.swift-concurrency-tutorialTests";
				PRODUCT_NAME = "$(TARGET_NAME)";
				SWIFT_EMIT_LOC_STRINGS = NO;
				SWIFT_VERSION = 5.0;
				TARGETED_DEVICE_FAMILY = "1,2";
				TEST_HOST = "$(BUILT_PRODUCTS_DIR)/swift-concurrency-tutorial.app/swift-concurrency-tutorial";
			};
			name = Release;
		};
		30F1632D2785CFF200FABB7E /* Debug */ = {
			isa = XCBuildConfiguration;
			buildSettings = {
				ALWAYS_EMBED_SWIFT_STANDARD_LIBRARIES = YES;
				CODE_SIGN_STYLE = Automatic;
				CURRENT_PROJECT_VERSION = 1;
				GENERATE_INFOPLIST_FILE = YES;
				MARKETING_VERSION = 1.0;
				PRODUCT_BUNDLE_IDENTIFIER = "com.Personal-Factory.swift-concurrency-tutorialUITests";
				PRODUCT_NAME = "$(TARGET_NAME)";
				SWIFT_EMIT_LOC_STRINGS = NO;
				SWIFT_VERSION = 5.0;
				TARGETED_DEVICE_FAMILY = "1,2";
				TEST_TARGET_NAME = "swift-concurrency-tutorial";
			};
			name = Debug;
		};
		30F1632E2785CFF200FABB7E /* Release */ = {
			isa = XCBuildConfiguration;
			buildSettings = {
				ALWAYS_EMBED_SWIFT_STANDARD_LIBRARIES = YES;
				CODE_SIGN_STYLE = Automatic;
				CURRENT_PROJECT_VERSION = 1;
				GENERATE_INFOPLIST_FILE = YES;
				MARKETING_VERSION = 1.0;
				PRODUCT_BUNDLE_IDENTIFIER = "com.Personal-Factory.swift-concurrency-tutorialUITests";
				PRODUCT_NAME = "$(TARGET_NAME)";
				SWIFT_EMIT_LOC_STRINGS = NO;
				SWIFT_VERSION = 5.0;
				TARGETED_DEVICE_FAMILY = "1,2";
				TEST_TARGET_NAME = "swift-concurrency-tutorial";
			};
			name = Release;
		};
/* End XCBuildConfiguration section */

/* Begin XCConfigurationList section */
		30F162FD2785CFF100FABB7E /* Build configuration list for PBXProject "swift-concurrency-tutorial" */ = {
			isa = XCConfigurationList;
			buildConfigurations = (
				30F163242785CFF200FABB7E /* Debug */,
				30F163252785CFF200FABB7E /* Release */,
			);
			defaultConfigurationIsVisible = 0;
			defaultConfigurationName = Release;
		};
		30F163262785CFF200FABB7E /* Build configuration list for PBXNativeTarget "swift-concurrency-tutorial" */ = {
			isa = XCConfigurationList;
			buildConfigurations = (
				30F163272785CFF200FABB7E /* Debug */,
				30F163282785CFF200FABB7E /* Release */,
			);
			defaultConfigurationIsVisible = 0;
			defaultConfigurationName = Release;
		};
		30F163292785CFF200FABB7E /* Build configuration list for PBXNativeTarget "swift-concurrency-tutorialTests" */ = {
			isa = XCConfigurationList;
			buildConfigurations = (
				30F1632A2785CFF200FABB7E /* Debug */,
				30F1632B2785CFF200FABB7E /* Release */,
			);
			defaultConfigurationIsVisible = 0;
			defaultConfigurationName = Release;
		};
		30F1632C2785CFF200FABB7E /* Build configuration list for PBXNativeTarget "swift-concurrency-tutorialUITests" */ = {
			isa = XCConfigurationList;
			buildConfigurations = (
				30F1632D2785CFF200FABB7E /* Debug */,
				30F1632E2785CFF200FABB7E /* Release */,
			);
			defaultConfigurationIsVisible = 0;
			defaultConfigurationName = Release;
		};
/* End XCConfigurationList section */
	};
	rootObject = 30F162FA2785CFF100FABB7E /* Project object */;
}
